
Microsoft Visual Studio Solution File, Format Version 12.00
# Visual Studio Version 17
VisualStudioVersion = 17.1.32414.318
MinimumVisualStudioVersion = 10.0.40219.1
Project("{FAE04EC0-301F-11D3-BF4B-00C04F79EFBC}") = "Djalik", "Djalik\Djalik.csproj", "{50291A2E-1186-4EBB-AF4A-FE26D9A4B332}"
EndProject
Global
	GlobalSection(SolutionConfigurationPlatforms) = preSolution
		Debug|Any CPU = Debug|Any CPU
		Release|Any CPU = Release|Any CPU
	EndGlobalSection
	GlobalSection(ProjectConfigurationPlatforms) = postSolution
		{50291A2E-1186-4EBB-AF4A-FE26D9A4B332}.Debug|Any CPU.ActiveCfg = Debug|Any CPU
		{50291A2E-1186-4EBB-AF4A-FE26D9A4B332}.Debug|Any CPU.Build.0 = Debug|Any CPU
		{50291A2E-1186-4EBB-AF4A-FE26D9A4B332}.Release|Any CPU.ActiveCfg = Release|Any CPU
		{50291A2E-1186-4EBB-AF4A-FE26D9A4B332}.Release|Any CPU.Build.0 = Release|Any CPU
	EndGlobalSection
	GlobalSection(SolutionProperties) = preSolution
		HideSolutionNode = FALSE
	EndGlobalSection
	GlobalSection(ExtensibilityGlobals) = postSolution
		SolutionGuid = {EAE95472-DE02-451E-BB88-6DEAB7450DCB}
	EndGlobalSection
EndGlobal
